# This file was autogenerated by Stack.
# You should not edit this file by hand.
# For more information, please see the documentation at:
#   https://docs.haskellstack.org/en/stable/lock_files

packages:
- completed:
    name: simple-smt
    version: 0.9.7
    git: https://github.com/yav/simple-smt.git
    pantry-tree:
      size: 357
      sha256: 52b7da75230a4cbc27007b8560371a007d3ce5f4773023dc8f1f43299e99a414
    commit: dd03ca119ddcd50bde52fbe40c96eb60cc1d6338
  original:
    git: https://github.com/yav/simple-smt.git
    commit: dd03ca119ddcd50bde52fbe40c96eb60cc1d6338
- completed:
    name: z3
    version: '408.2'
    git: https://github.com/aemartinez/haskell-z3.git
    pantry-tree:
      size: 2204
      sha256: f40a91f16c9e4f65dd69b48df62f42876c7154cbfb329fb14eeec013a5278de6
    commit: e39b3cfce8e925c8ae65ea19f87075a1ea5ab678
  original:
    git: https://github.com/aemartinez/haskell-z3.git
    commit: e39b3cfce8e925c8ae65ea19f87075a1ea5ab678
snapshots:
- completed:
    size: 618884
    url: https://raw.githubusercontent.com/commercialhaskell/stackage-snapshots/master/lts/19/7.yaml
    sha256: 57d4ce67cc097fea2058446927987bc1f7408890e3a6df0da74e5e318f051c20
  original:
    url: https://raw.githubusercontent.com/commercialhaskell/stackage-snapshots/master/lts/19/7.yaml
